{
  "name": "CLE SERVICE",
  "lockfileVersion": 3,
  "requires": true,
  "packages": {
    "": {
      "dependencies": {
        "bootstrap": "^5.3.3",
        "react-virtualized-auto-sizer": "^1.0.25",
        "react-window": "^1.8.11"
      },
      "devDependencies": {
        "react-router-sitemap": "^1.2.0"
      }
    },
    "node_modules/@babel/runtime": {
      "version": "7.26.7",
      "resolved": "https://registry.npmjs.org/@babel/runtime/-/runtime-7.26.7.tgz",
      "integrity": "sha512-AOPI3D+a8dXnja+iwsUqGRjr1BbZIe771sXdapOtYI531gSqpi92vXivKcq2asu/DFpdl1ceFAKZyRzK2PCVcQ==",
      "license": "MIT",
      "dependencies": {
        "regenerator-runtime": "^0.14.0"
      },
      "engines": {
        "node": ">=6.9.0"
      }
    },
    "node_modules/bootstrap": {
      "version": "5.3.3",
      "resolved": "https://registry.npmjs.org/bootstrap/-/bootstrap-5.3.3.tgz",
      "integrity": "sha512-8HLCdWgyoMguSO9o+aH+iuZ+aht+mzW0u3HIMzVu7Srrpv7EBBxTnrFlSCskwdY1+EOFQSm7uMJhNQHkdPcmjg==",
      "funding": [
        {
          "type": "github",
          "url": "https://github.com/sponsors/twbs"
        },
        {
          "type": "opencollective",
          "url": "https://opencollective.com/bootstrap"
        }
      ],
      "license": "MIT",
      "peerDependencies": {
        "@popperjs/core": "^2.11.8"
      }
    },
    "node_modules/memoize-one": {
      "version": "5.2.1",
      "resolved": "https://registry.npmjs.org/memoize-one/-/memoize-one-5.2.1.tgz",
      "integrity": "sha512-zYiwtZUcYyXKo/np96AGZAckk+FWWsUdJ3cHGGmld7+AhvcWmQyGCYUh1hc4Q/pkOhb65dQR/pqCyK0cOaHz4Q==",
      "license": "MIT"
    },
    "node_modules/react-router-sitemap": {
      "version": "1.2.0",
      "resolved": "https://registry.npmjs.org/react-router-sitemap/-/react-router-sitemap-1.2.0.tgz",
      "integrity": "sha512-3aETwxCFTGHsGbXpyh7sr+c/WDr0q1rpng0M4pgoV6Owl3673buejPHGvzDmZEdiqhRa+I0znRDneKRc1NC06Q==",
      "dev": true,
      "license": "MIT",
      "dependencies": {
        "sitemap": "^1.6.0"
      },
      "peerDependencies": {
        "react": "^15.1.0 || ^16.0.0",
        "react-router": "^2.3.0 || ^3.2.1 || ^4.3.0"
      }
    },
    "node_modules/react-virtualized-auto-sizer": {
      "version": "1.0.25",
      "resolved": "https://registry.npmjs.org/react-virtualized-auto-sizer/-/react-virtualized-auto-sizer-1.0.25.tgz",
      "integrity": "sha512-YHsksEGDfsHbHuaBVDYwJmcktblcHGafz4ZVuYPQYuSHMUGjpwmUCrAOcvMSGMwwk1eFWj1M/1GwYpNPuyhaBg==",
      "license": "MIT",
      "peerDependencies": {
        "react": "^15.3.0 || ^16.0.0-alpha || ^17.0.0 || ^18.0.0 || ^19.0.0",
        "react-dom": "^15.3.0 || ^16.0.0-alpha || ^17.0.0 || ^18.0.0 || ^19.0.0"
      }
    },
    "node_modules/react-window": {
      "version": "1.8.11",
      "resolved": "https://registry.npmjs.org/react-window/-/react-window-1.8.11.tgz",
      "integrity": "sha512-+SRbUVT2scadgFSWx+R1P754xHPEqvcfSfVX10QYg6POOz+WNgkN48pS+BtZNIMGiL1HYrSEiCkwsMS15QogEQ==",
      "license": "MIT",
      "dependencies": {
        "@babel/runtime": "^7.0.0",
        "memoize-one": ">=3.1.1 <6"
      },
      "engines": {
        "node": ">8.0.0"
      },
      "peerDependencies": {
        "react": "^15.0.0 || ^16.0.0 || ^17.0.0 || ^18.0.0 || ^19.0.0",
        "react-dom": "^15.0.0 || ^16.0.0 || ^17.0.0 || ^18.0.0 || ^19.0.0"
      }
    },
    "node_modules/regenerator-runtime": {
      "version": "0.14.1",
      "resolved": "https://registry.npmjs.org/regenerator-runtime/-/regenerator-runtime-0.14.1.tgz",
      "integrity": "sha512-dYnhHh0nJoMfnkZs6GmmhFknAGRrLznOu5nc9ML+EJxGvrx6H7teuevqVqCuPcPK//3eDrrjQhehXVx9cnkGdw==",
      "license": "MIT"
    },
    "node_modules/sitemap": {
      "version": "1.13.0",
      "resolved": "https://registry.npmjs.org/sitemap/-/sitemap-1.13.0.tgz",
      "integrity": "sha512-++mJIYR1+WpO1m0iqZv9viGmalxkm6r8Zq8OOFcFzx3aLlXU50T0JV3pvr6WHyFkwudlXmt190ZRbtH3yOm3Hg==",
      "dev": true,
      "dependencies": {
        "underscore": "^1.7.0",
        "url-join": "^1.1.0"
      }
    },
    "node_modules/underscore": {
      "version": "1.13.7",
      "resolved": "https://registry.npmjs.org/underscore/-/underscore-1.13.7.tgz",
      "integrity": "sha512-GMXzWtsc57XAtguZgaQViUOzs0KTkk8ojr3/xAxXLITqf/3EMwxC0inyETfDFjH/Krbhuep0HNbbjI9i/q3F3g==",
      "dev": true,
      "license": "MIT"
    },
    "node_modules/url-join": {
      "version": "1.1.0",
      "resolved": "https://registry.npmjs.org/url-join/-/url-join-1.1.0.tgz",
      "integrity": "sha512-zz1wZk4Lb5PTVwZ3HWDmm8XnlPvmOof6/fjdDPA5yBrUcbtV64U6bV832Zf1BtU2WkBBWaUT46wCs+l0HP5nhg==",
      "dev": true,
      "license": "MIT"
    }
  }
}
